
Microsoft Visual Studio Solution File, Format Version 12.00
# Visual Studio 15
VisualStudioVersion = 15.0.28307.779
MinimumVisualStudioVersion = 10.0.40219.1
Project("{9A19103F-16F7-4668-BE54-9A1E7A4F7556}") = "FreeWheelMovies.Api", "FreeWheelMovies.Api\FreeWheelMovies.Api.csproj", "{698693E4-D66D-4011-A137-711DC379E1DB}"
EndProject
Project("{9A19103F-16F7-4668-BE54-9A1E7A4F7556}") = "FreeWheelMovies.Api.Test", "FreeWheelMovies.Api.Test\FreeWheelMovies.Api.Test.csproj", "{60BC3A43-80FF-4460-A4CE-E107761F7A38}"
EndProject
Project("{FAE04EC0-301F-11D3-BF4B-00C04F79EFBC}") = "FreeWheelMovies.Database", "FreeWheelMovies.Database.Definition\FreeWheelMovies.Database.csproj", "{9BDE5218-AA36-4193-B3ED-12837C0BB0ED}"
EndProject
Global
	GlobalSection(SolutionConfigurationPlatforms) = preSolution
		Debug|Any CPU = Debug|Any CPU
		Release|Any CPU = Release|Any CPU
	EndGlobalSection
	GlobalSection(ProjectConfigurationPlatforms) = postSolution
		{698693E4-D66D-4011-A137-711DC379E1DB}.Debug|Any CPU.ActiveCfg = Debug|Any CPU
		{698693E4-D66D-4011-A137-711DC379E1DB}.Debug|Any CPU.Build.0 = Debug|Any CPU
		{698693E4-D66D-4011-A137-711DC379E1DB}.Release|Any CPU.ActiveCfg = Release|Any CPU
		{698693E4-D66D-4011-A137-711DC379E1DB}.Release|Any CPU.Build.0 = Release|Any CPU
		{60BC3A43-80FF-4460-A4CE-E107761F7A38}.Debug|Any CPU.ActiveCfg = Debug|Any CPU
		{60BC3A43-80FF-4460-A4CE-E107761F7A38}.Debug|Any CPU.Build.0 = Debug|Any CPU
		{60BC3A43-80FF-4460-A4CE-E107761F7A38}.Release|Any CPU.ActiveCfg = Release|Any CPU
		{60BC3A43-80FF-4460-A4CE-E107761F7A38}.Release|Any CPU.Build.0 = Release|Any CPU
		{9BDE5218-AA36-4193-B3ED-12837C0BB0ED}.Debug|Any CPU.ActiveCfg = Debug|Any CPU
		{9BDE5218-AA36-4193-B3ED-12837C0BB0ED}.Debug|Any CPU.Build.0 = Debug|Any CPU
		{9BDE5218-AA36-4193-B3ED-12837C0BB0ED}.Release|Any CPU.ActiveCfg = Release|Any CPU
		{9BDE5218-AA36-4193-B3ED-12837C0BB0ED}.Release|Any CPU.Build.0 = Release|Any CPU
	EndGlobalSection
	GlobalSection(SolutionProperties) = preSolution
		HideSolutionNode = FALSE
	EndGlobalSection
	GlobalSection(ExtensibilityGlobals) = postSolution
		SolutionGuid = {B37396B2-AD99-4680-B8C2-9E8B3CFAC6BC}
	EndGlobalSection
EndGlobal
